
Microsoft Visual Studio Solution File, Format Version 12.00
# Visual Studio Version 17
VisualStudioVersion = 17.2.32526.322
MinimumVisualStudioVersion = 10.0.40219.1
Project("{CC5FD16D-436D-48AD-A40C-5A424C6E3E79}") = "AzureCloudService2", "AzureCloudService2\AzureCloudService2.ccproj", "{9453FEEC-3339-4CEF-B828-835E21E62DDD}"
EndProject
Project("{FAE04EC0-301F-11D3-BF4B-00C04F79EFBC}") = "GuestBook_Data", "ClassLibrary1\GuestBook_Data.csproj", "{C149B54C-9D4F-4311-BBEA-35239698FDB8}"
EndProject
Project("{FAE04EC0-301F-11D3-BF4B-00C04F79EFBC}") = "GuestBook_WebRole", "WebRole3\GuestBook_WebRole.csproj", "{EF453A4F-A9AC-43FA-A87A-8478F81C3E9D}"
EndProject
Global
	GlobalSection(SolutionConfigurationPlatforms) = preSolution
		Debug|Any CPU = Debug|Any CPU
		Release|Any CPU = Release|Any CPU
	EndGlobalSection
	GlobalSection(ProjectConfigurationPlatforms) = postSolution
		{9453FEEC-3339-4CEF-B828-835E21E62DDD}.Debug|Any CPU.ActiveCfg = Debug|Any CPU
		{9453FEEC-3339-4CEF-B828-835E21E62DDD}.Debug|Any CPU.Build.0 = Debug|Any CPU
		{9453FEEC-3339-4CEF-B828-835E21E62DDD}.Release|Any CPU.ActiveCfg = Release|Any CPU
		{9453FEEC-3339-4CEF-B828-835E21E62DDD}.Release|Any CPU.Build.0 = Release|Any CPU
		{C149B54C-9D4F-4311-BBEA-35239698FDB8}.Debug|Any CPU.ActiveCfg = Debug|Any CPU
		{C149B54C-9D4F-4311-BBEA-35239698FDB8}.Debug|Any CPU.Build.0 = Debug|Any CPU
		{C149B54C-9D4F-4311-BBEA-35239698FDB8}.Release|Any CPU.ActiveCfg = Release|Any CPU
		{C149B54C-9D4F-4311-BBEA-35239698FDB8}.Release|Any CPU.Build.0 = Release|Any CPU
		{EF453A4F-A9AC-43FA-A87A-8478F81C3E9D}.Debug|Any CPU.ActiveCfg = Debug|Any CPU
		{EF453A4F-A9AC-43FA-A87A-8478F81C3E9D}.Debug|Any CPU.Build.0 = Debug|Any CPU
		{EF453A4F-A9AC-43FA-A87A-8478F81C3E9D}.Release|Any CPU.ActiveCfg = Release|Any CPU
		{EF453A4F-A9AC-43FA-A87A-8478F81C3E9D}.Release|Any CPU.Build.0 = Release|Any CPU
	EndGlobalSection
	GlobalSection(SolutionProperties) = preSolution
		HideSolutionNode = FALSE
	EndGlobalSection
	GlobalSection(ExtensibilityGlobals) = postSolution
		SolutionGuid = {53B0B1BA-874B-4B65-802E-B628F0EE17DA}
	EndGlobalSection
EndGlobal
